// !$*UTF8*$!
{
	archiveVersion = 1;
	classes = {
	};
	objectVersion = 56;
	objects = {

/* Begin PBXBuildFile section */
		A10000000000000000000001 /* AmoraApp.swift in Sources */ = {isa = PBXBuildFile; fileRef = A20000000000000000000001 /* AmoraApp.swift */; };
		A10000000000000000000002 /* ContentView.swift in Sources */ = {isa = PBXBuildFile; fileRef = A20000000000000000000002 /* ContentView.swift */; };
		A10000000000000000000003 /* AppConfig.swift in Sources */ = {isa = PBXBuildFile; fileRef = A20000000000000000000003 /* AppConfig.swift */; };
		A10000000000000000000004 /* DatePlanModels.swift in Sources */ = {isa = PBXBuildFile; fileRef = A20000000000000000000004 /* DatePlanModels.swift */; };
		A10000000000000000000005 /* DatePlanModelsTests.swift in Sources */ = {isa = PBXBuildFile; fileRef = A20000000000000000000005 /* DatePlanModelsTests.swift */; };
		A10000000000000000000006 /* DatePlanClient.swift in Sources */ = {isa = PBXBuildFile; fileRef = A20000000000000000000009 /* DatePlanClient.swift */; };
		A10000000000000000000007 /* DatePlanClientTests.swift in Sources */ = {isa = PBXBuildFile; fileRef = A20000000000000000000010 /* DatePlanClientTests.swift */; };
		A10000000000000000000008 /* LocationLabelService.swift in Sources */ = {isa = PBXBuildFile; fileRef = A20000000000000000000011 /* LocationLabelService.swift */; };
		A10000000000000000000009 /* LocationLabelServiceTests.swift in Sources */ = {isa = PBXBuildFile; fileRef = A20000000000000000000012 /* LocationLabelServiceTests.swift */; };
		A10000000000000000000010 /* PlanViewModel.swift in Sources */ = {isa = PBXBuildFile; fileRef = A20000000000000000000013 /* PlanViewModel.swift */; };
		A10000000000000000000011 /* PlanViewModelTests.swift in Sources */ = {isa = PBXBuildFile; fileRef = A20000000000000000000014 /* PlanViewModelTests.swift */; };
		A10000000000000000000012 /* PurchaseService.swift in Sources */ = {isa = PBXBuildFile; fileRef = A20000000000000000000015 /* PurchaseService.swift */; };
		A10000000000000000000013 /* Components.swift in Sources */ = {isa = PBXBuildFile; fileRef = A20000000000000000000016 /* Components.swift */; };
		A10000000000000000000014 /* InputView.swift in Sources */ = {isa = PBXBuildFile; fileRef = A20000000000000000000017 /* InputView.swift */; };
		A10000000000000000000015 /* PreviewPlanView.swift in Sources */ = {isa = PBXBuildFile; fileRef = A20000000000000000000018 /* PreviewPlanView.swift */; };
		A10000000000000000000016 /* PaywallView.swift in Sources */ = {isa = PBXBuildFile; fileRef = A20000000000000000000019 /* PaywallView.swift */; };
		A10000000000000000000017 /* UnlockedPlanView.swift in Sources */ = {isa = PBXBuildFile; fileRef = A20000000000000000000020 /* UnlockedPlanView.swift */; };
		A10000000000000000000018 /* Assets.xcassets in Resources */ = {isa = PBXBuildFile; fileRef = A20000000000000000000021 /* Assets.xcassets */; };
		A10000000000000000000019 /* TelemetryClient.swift in Sources */ = {isa = PBXBuildFile; fileRef = A20000000000000000000022 /* TelemetryClient.swift */; };
/* End PBXBuildFile section */

/* Begin PBXContainerItemProxy section */
		A80000000000000000000002 /* PBXContainerItemProxy */ = {
			isa = PBXContainerItemProxy;
			containerPortal = A00000000000000000000001 /* Project object */;
			proxyType = 1;
			remoteGlobalIDString = A50000000000000000000001;
			remoteInfo = Amora;
		};
/* End PBXContainerItemProxy section */

/* Begin PBXFileReference section */
		A20000000000000000000001 /* AmoraApp.swift */ = {isa = PBXFileReference; lastKnownFileType = sourcecode.swift; path = AmoraApp.swift; sourceTree = "<group>"; };
		A20000000000000000000002 /* ContentView.swift */ = {isa = PBXFileReference; lastKnownFileType = sourcecode.swift; path = ContentView.swift; sourceTree = "<group>"; };
		A20000000000000000000003 /* AppConfig.swift */ = {isa = PBXFileReference; lastKnownFileType = sourcecode.swift; path = AppConfig.swift; sourceTree = "<group>"; };
		A20000000000000000000004 /* DatePlanModels.swift */ = {isa = PBXFileReference; lastKnownFileType = sourcecode.swift; path = DatePlanModels.swift; sourceTree = "<group>"; };
		A20000000000000000000005 /* DatePlanModelsTests.swift */ = {isa = PBXFileReference; lastKnownFileType = sourcecode.swift; path = DatePlanModelsTests.swift; sourceTree = "<group>"; };
		A20000000000000000000006 /* Amora.app */ = {isa = PBXFileReference; explicitFileType = wrapper.application; includeInIndex = 0; path = Amora.app; sourceTree = BUILT_PRODUCTS_DIR; };
		A20000000000000000000007 /* AmoraTests.xctest */ = {isa = PBXFileReference; explicitFileType = wrapper.cfbundle; includeInIndex = 0; path = AmoraTests.xctest; sourceTree = BUILT_PRODUCTS_DIR; };
		A20000000000000000000009 /* DatePlanClient.swift */ = {isa = PBXFileReference; lastKnownFileType = sourcecode.swift; path = DatePlanClient.swift; sourceTree = "<group>"; };
		A20000000000000000000010 /* DatePlanClientTests.swift */ = {isa = PBXFileReference; lastKnownFileType = sourcecode.swift; path = DatePlanClientTests.swift; sourceTree = "<group>"; };
		A20000000000000000000011 /* LocationLabelService.swift */ = {isa = PBXFileReference; lastKnownFileType = sourcecode.swift; path = LocationLabelService.swift; sourceTree = "<group>"; };
		A20000000000000000000012 /* LocationLabelServiceTests.swift */ = {isa = PBXFileReference; lastKnownFileType = sourcecode.swift; path = LocationLabelServiceTests.swift; sourceTree = "<group>"; };
		A20000000000000000000013 /* PlanViewModel.swift */ = {isa = PBXFileReference; lastKnownFileType = sourcecode.swift; path = PlanViewModel.swift; sourceTree = "<group>"; };
		A20000000000000000000014 /* PlanViewModelTests.swift */ = {isa = PBXFileReference; lastKnownFileType = sourcecode.swift; path = PlanViewModelTests.swift; sourceTree = "<group>"; };
		A20000000000000000000015 /* PurchaseService.swift */ = {isa = PBXFileReference; lastKnownFileType = sourcecode.swift; path = PurchaseService.swift; sourceTree = "<group>"; };
		A20000000000000000000016 /* Components.swift */ = {isa = PBXFileReference; lastKnownFileType = sourcecode.swift; path = Components.swift; sourceTree = "<group>"; };
		A20000000000000000000017 /* InputView.swift */ = {isa = PBXFileReference; lastKnownFileType = sourcecode.swift; path = InputView.swift; sourceTree = "<group>"; };
		A20000000000000000000018 /* PreviewPlanView.swift */ = {isa = PBXFileReference; lastKnownFileType = sourcecode.swift; path = PreviewPlanView.swift; sourceTree = "<group>"; };
		A20000000000000000000019 /* PaywallView.swift */ = {isa = PBXFileReference; lastKnownFileType = sourcecode.swift; path = PaywallView.swift; sourceTree = "<group>"; };
		A20000000000000000000020 /* UnlockedPlanView.swift */ = {isa = PBXFileReference; lastKnownFileType = sourcecode.swift; path = UnlockedPlanView.swift; sourceTree = "<group>"; };
		A20000000000000000000021 /* Assets.xcassets */ = {isa = PBXFileReference; lastKnownFileType = folder.assetcatalog; path = Assets.xcassets; sourceTree = "<group>"; };
		A20000000000000000000022 /* TelemetryClient.swift */ = {isa = PBXFileReference; lastKnownFileType = sourcecode.swift; path = TelemetryClient.swift; sourceTree = "<group>"; };
		E7D9FC242FF00907004E9C09 /* Amora.storekit */ = {isa = PBXFileReference; lastKnownFileType = text; path = Amora.storekit; sourceTree = "<group>"; };
/* End PBXFileReference section */

/* Begin PBXFrameworksBuildPhase section */
		A30000000000000000000001 /* Frameworks */ = {
			isa = PBXFrameworksBuildPhase;
			buildActionMask = 2147483647;
			files = (
			);
			runOnlyForDeploymentPostprocessing = 0;
		};
		A30000000000000000000002 /* Frameworks */ = {
			isa = PBXFrameworksBuildPhase;
			buildActionMask = 2147483647;
			files = (
			);
			runOnlyForDeploymentPostprocessing = 0;
		};
/* End PBXFrameworksBuildPhase section */

/* Begin PBXGroup section */
		A40000000000000000000001 = {
			isa = PBXGroup;
			children = (
				A40000000000000000000002 /* Amora */,
				A40000000000000000000005 /* AmoraTests */,
				A40000000000000000000006 /* StoreKit */,
				A40000000000000000000007 /* Products */,
			);
			sourceTree = "<group>";
		};
		A40000000000000000000002 /* Amora */ = {
			isa = PBXGroup;
			children = (
				A20000000000000000000001 /* AmoraApp.swift */,
				A20000000000000000000002 /* ContentView.swift */,
				A20000000000000000000021 /* Assets.xcassets */,
				A40000000000000000000003 /* Config */,
				A40000000000000000000004 /* Models */,
				A40000000000000000000008 /* Services */,
				A40000000000000000000009 /* ViewModels */,
				A40000000000000000000010 /* Views */,
			);
			path = Amora;
			sourceTree = "<group>";
		};
		A40000000000000000000003 /* Config */ = {
			isa = PBXGroup;
			children = (
				A20000000000000000000003 /* AppConfig.swift */,
			);
			path = Config;
			sourceTree = "<group>";
		};
		A40000000000000000000004 /* Models */ = {
			isa = PBXGroup;
			children = (
				A20000000000000000000004 /* DatePlanModels.swift */,
			);
			path = Models;
			sourceTree = "<group>";
		};
		A40000000000000000000005 /* AmoraTests */ = {
			isa = PBXGroup;
			children = (
				A20000000000000000000005 /* DatePlanModelsTests.swift */,
				A20000000000000000000010 /* DatePlanClientTests.swift */,
				A20000000000000000000012 /* LocationLabelServiceTests.swift */,
				A20000000000000000000014 /* PlanViewModelTests.swift */,
			);
			path = AmoraTests;
			sourceTree = "<group>";
		};
		A40000000000000000000006 /* StoreKit */ = {
			isa = PBXGroup;
			children = (
				E7D9FC242FF00907004E9C09 /* Amora.storekit */,
			);
			path = StoreKit;
			sourceTree = "<group>";
		};
		A40000000000000000000007 /* Products */ = {
			isa = PBXGroup;
			children = (
				A20000000000000000000006 /* Amora.app */,
				A20000000000000000000007 /* AmoraTests.xctest */,
			);
			name = Products;
			sourceTree = "<group>";
		};
		A40000000000000000000008 /* Services */ = {
			isa = PBXGroup;
			children = (
				A20000000000000000000009 /* DatePlanClient.swift */,
				A20000000000000000000011 /* LocationLabelService.swift */,
				A20000000000000000000015 /* PurchaseService.swift */,
				A20000000000000000000022 /* TelemetryClient.swift */,
			);
			path = Services;
			sourceTree = "<group>";
		};
		A40000000000000000000009 /* ViewModels */ = {
			isa = PBXGroup;
			children = (
				A20000000000000000000013 /* PlanViewModel.swift */,
			);
			path = ViewModels;
			sourceTree = "<group>";
		};
		A40000000000000000000010 /* Views */ = {
			isa = PBXGroup;
			children = (
				A20000000000000000000016 /* Components.swift */,
				A20000000000000000000017 /* InputView.swift */,
				A20000000000000000000018 /* PreviewPlanView.swift */,
				A20000000000000000000019 /* PaywallView.swift */,
				A20000000000000000000020 /* UnlockedPlanView.swift */,
			);
			path = Views;
			sourceTree = "<group>";
		};
/* End PBXGroup section */

/* Begin PBXNativeTarget section */
		A50000000000000000000001 /* Amora */ = {
			isa = PBXNativeTarget;
			buildConfigurationList = A90000000000000000000001 /* Build configuration list for PBXNativeTarget "Amora" */;
			buildPhases = (
				A60000000000000000000001 /* Sources */,
				A30000000000000000000001 /* Frameworks */,
				A70000000000000000000001 /* Resources */,
			);
			buildRules = (
			);
			dependencies = (
			);
			name = Amora;
			productName = Amora;
			productReference = A20000000000000000000006 /* Amora.app */;
			productType = "com.apple.product-type.application";
		};
		A50000000000000000000002 /* AmoraTests */ = {
			isa = PBXNativeTarget;
			buildConfigurationList = A90000000000000000000002 /* Build configuration list for PBXNativeTarget "AmoraTests" */;
			buildPhases = (
				A60000000000000000000002 /* Sources */,
				A30000000000000000000002 /* Frameworks */,
				A70000000000000000000002 /* Resources */,
			);
			buildRules = (
			);
			dependencies = (
				A80000000000000000000001 /* PBXTargetDependency */,
			);
			name = AmoraTests;
			productName = AmoraTests;
			productReference = A20000000000000000000007 /* AmoraTests.xctest */;
			productType = "com.apple.product-type.bundle.unit-test";
		};
/* End PBXNativeTarget section */

/* Begin PBXProject section */
		A00000000000000000000001 /* Project object */ = {
			isa = PBXProject;
			attributes = {
				BuildIndependentTargetsInParallel = 1;
				LastSwiftUpdateCheck = 2605;
				LastUpgradeCheck = 2605;
				TargetAttributes = {
					A50000000000000000000001 = {
						CreatedOnToolsVersion = 26.5;
					};
					A50000000000000000000002 = {
						CreatedOnToolsVersion = 26.5;
						TestTargetID = A50000000000000000000001;
					};
				};
			};
			buildConfigurationList = A90000000000000000000003 /* Build configuration list for PBXProject "Amora" */;
			compatibilityVersion = "Xcode 14.0";
			developmentRegion = en;
			hasScannedForEncodings = 0;
			knownRegions = (
				en,
				Base,
			);
			mainGroup = A40000000000000000000001;
			productRefGroup = A40000000000000000000007 /* Products */;
			projectDirPath = "";
			projectRoot = "";
			targets = (
				A50000000000000000000001 /* Amora */,
				A50000000000000000000002 /* AmoraTests */,
			);
		};
/* End PBXProject section */

/* Begin PBXResourcesBuildPhase section */
		A70000000000000000000001 /* Resources */ = {
			isa = PBXResourcesBuildPhase;
			buildActionMask = 2147483647;
			files = (
				A10000000000000000000018 /* Assets.xcassets in Resources */,
			);
			runOnlyForDeploymentPostprocessing = 0;
		};
		A70000000000000000000002 /* Resources */ = {
			isa = PBXResourcesBuildPhase;
			buildActionMask = 2147483647;
			files = (
			);
			runOnlyForDeploymentPostprocessing = 0;
		};
/* End PBXResourcesBuildPhase section */

/* Begin PBXSourcesBuildPhase section */
		A60000000000000000000001 /* Sources */ = {
			isa = PBXSourcesBuildPhase;
			buildActionMask = 2147483647;
			files = (
				A10000000000000000000001 /* AmoraApp.swift in Sources */,
				A10000000000000000000002 /* ContentView.swift in Sources */,
				A10000000000000000000003 /* AppConfig.swift in Sources */,
				A10000000000000000000004 /* DatePlanModels.swift in Sources */,
				A10000000000000000000006 /* DatePlanClient.swift in Sources */,
				A10000000000000000000008 /* LocationLabelService.swift in Sources */,
				A10000000000000000000010 /* PlanViewModel.swift in Sources */,
				A10000000000000000000012 /* PurchaseService.swift in Sources */,
				A10000000000000000000019 /* TelemetryClient.swift in Sources */,
				A10000000000000000000013 /* Components.swift in Sources */,
				A10000000000000000000014 /* InputView.swift in Sources */,
				A10000000000000000000015 /* PreviewPlanView.swift in Sources */,
				A10000000000000000000016 /* PaywallView.swift in Sources */,
				A10000000000000000000017 /* UnlockedPlanView.swift in Sources */,
			);
			runOnlyForDeploymentPostprocessing = 0;
		};
		A60000000000000000000002 /* Sources */ = {
			isa = PBXSourcesBuildPhase;
			buildActionMask = 2147483647;
			files = (
				A10000000000000000000005 /* DatePlanModelsTests.swift in Sources */,
				A10000000000000000000007 /* DatePlanClientTests.swift in Sources */,
				A10000000000000000000009 /* LocationLabelServiceTests.swift in Sources */,
				A10000000000000000000011 /* PlanViewModelTests.swift in Sources */,
			);
			runOnlyForDeploymentPostprocessing = 0;
		};
/* End PBXSourcesBuildPhase section */

/* Begin PBXTargetDependency section */
		A80000000000000000000001 /* PBXTargetDependency */ = {
			isa = PBXTargetDependency;
			target = A50000000000000000000001 /* Amora */;
			targetProxy = A80000000000000000000002 /* PBXContainerItemProxy */;
		};
/* End PBXTargetDependency section */

/* Begin XCBuildConfiguration section */
		A91000000000000000000001 /* Debug */ = {
			isa = XCBuildConfiguration;
			buildSettings = {
				ENABLE_TESTABILITY = YES;
				GENERATE_INFOPLIST_FILE = YES;
				IPHONEOS_DEPLOYMENT_TARGET = 18.0;
				SDKROOT = iphoneos;
				SWIFT_ACTIVE_COMPILATION_CONDITIONS = DEBUG;
				SWIFT_OPTIMIZATION_LEVEL = "-Onone";
				SWIFT_VERSION = 6.0;
			};
			name = Debug;
		};
		A91000000000000000000002 /* Release */ = {
			isa = XCBuildConfiguration;
			buildSettings = {
				GENERATE_INFOPLIST_FILE = YES;
				IPHONEOS_DEPLOYMENT_TARGET = 18.0;
				SDKROOT = iphoneos;
				SWIFT_COMPILATION_MODE = wholemodule;
				SWIFT_OPTIMIZATION_LEVEL = "-O";
				SWIFT_VERSION = 6.0;
			};
			name = Release;
		};
		A91000000000000000000003 /* Debug */ = {
			isa = XCBuildConfiguration;
			buildSettings = {
				ASSETCATALOG_COMPILER_APPICON_NAME = AppIcon;
				ASSETCATALOG_COMPILER_GLOBAL_ACCENT_COLOR_NAME = AccentColor;
				CODE_SIGN_STYLE = Automatic;
				CURRENT_PROJECT_VERSION = 1;
				GENERATE_INFOPLIST_FILE = YES;
				INFOPLIST_KEY_NSLocationWhenInUseUsageDescription = "Amora uses your location to suggest a nearby planning area.";
				INFOPLIST_KEY_UIApplicationSceneManifest_Generation = YES;
				INFOPLIST_KEY_UIApplicationSupportsIndirectInputEvents = YES;
				INFOPLIST_KEY_UILaunchScreen_Generation = YES;
				IPHONEOS_DEPLOYMENT_TARGET = 18.0;
				MARKETING_VERSION = 1.0;
				PRODUCT_BUNDLE_IDENTIFIER = com.planwithamora.Amora;
				PRODUCT_NAME = "$(TARGET_NAME)";
				SDKROOT = iphoneos;
				SUPPORTED_PLATFORMS = "iphoneos iphonesimulator";
				SWIFT_VERSION = 6.0;
				TARGETED_DEVICE_FAMILY = 1;
			};
			name = Debug;
		};
		A91000000000000000000004 /* Release */ = {
			isa = XCBuildConfiguration;
			buildSettings = {
				ASSETCATALOG_COMPILER_APPICON_NAME = AppIcon;
				ASSETCATALOG_COMPILER_GLOBAL_ACCENT_COLOR_NAME = AccentColor;
				CODE_SIGN_STYLE = Automatic;
				CURRENT_PROJECT_VERSION = 1;
				GENERATE_INFOPLIST_FILE = YES;
				INFOPLIST_KEY_NSLocationWhenInUseUsageDescription = "Amora uses your location to suggest a nearby planning area.";
				INFOPLIST_KEY_UIApplicationSceneManifest_Generation = YES;
				INFOPLIST_KEY_UIApplicationSupportsIndirectInputEvents = YES;
				INFOPLIST_KEY_UILaunchScreen_Generation = YES;
				IPHONEOS_DEPLOYMENT_TARGET = 18.0;
				MARKETING_VERSION = 1.0;
				PRODUCT_BUNDLE_IDENTIFIER = com.planwithamora.Amora;
				PRODUCT_NAME = "$(TARGET_NAME)";
				SDKROOT = iphoneos;
				SUPPORTED_PLATFORMS = "iphoneos iphonesimulator";
				SWIFT_VERSION = 6.0;
				TARGETED_DEVICE_FAMILY = 1;
			};
			name = Release;
		};
		A91000000000000000000005 /* Debug */ = {
			isa = XCBuildConfiguration;
			buildSettings = {
				BUNDLE_LOADER = "$(TEST_HOST)";
				CODE_SIGN_STYLE = Automatic;
				GENERATE_INFOPLIST_FILE = YES;
				IPHONEOS_DEPLOYMENT_TARGET = 18.0;
				PRODUCT_BUNDLE_IDENTIFIER = com.planwithamora.AmoraTests;
				PRODUCT_NAME = "$(TARGET_NAME)";
				SDKROOT = iphoneos;
				SUPPORTED_PLATFORMS = "iphoneos iphonesimulator";
				SWIFT_VERSION = 6.0;
				TARGETED_DEVICE_FAMILY = 1;
				TEST_HOST = "$(BUILT_PRODUCTS_DIR)/Amora.app/$(BUNDLE_EXECUTABLE_FOLDER_PATH)/Amora";
			};
			name = Debug;
		};
		A91000000000000000000006 /* Release */ = {
			isa = XCBuildConfiguration;
			buildSettings = {
				BUNDLE_LOADER = "$(TEST_HOST)";
				CODE_SIGN_STYLE = Automatic;
				GENERATE_INFOPLIST_FILE = YES;
				IPHONEOS_DEPLOYMENT_TARGET = 18.0;
				PRODUCT_BUNDLE_IDENTIFIER = com.planwithamora.AmoraTests;
				PRODUCT_NAME = "$(TARGET_NAME)";
				SDKROOT = iphoneos;
				SUPPORTED_PLATFORMS = "iphoneos iphonesimulator";
				SWIFT_VERSION = 6.0;
				TARGETED_DEVICE_FAMILY = 1;
				TEST_HOST = "$(BUILT_PRODUCTS_DIR)/Amora.app/$(BUNDLE_EXECUTABLE_FOLDER_PATH)/Amora";
			};
			name = Release;
		};
/* End XCBuildConfiguration section */

/* Begin XCConfigurationList section */
		A90000000000000000000001 /* Build configuration list for PBXNativeTarget "Amora" */ = {
			isa = XCConfigurationList;
			buildConfigurations = (
				A91000000000000000000003 /* Debug */,
				A91000000000000000000004 /* Release */,
			);
			defaultConfigurationIsVisible = 0;
			defaultConfigurationName = Release;
		};
		A90000000000000000000002 /* Build configuration list for PBXNativeTarget "AmoraTests" */ = {
			isa = XCConfigurationList;
			buildConfigurations = (
				A91000000000000000000005 /* Debug */,
				A91000000000000000000006 /* Release */,
			);
			defaultConfigurationIsVisible = 0;
			defaultConfigurationName = Release;
		};
		A90000000000000000000003 /* Build configuration list for PBXProject "Amora" */ = {
			isa = XCConfigurationList;
			buildConfigurations = (
				A91000000000000000000001 /* Debug */,
				A91000000000000000000002 /* Release */,
			);
			defaultConfigurationIsVisible = 0;
			defaultConfigurationName = Release;
		};
/* End XCConfigurationList section */
	};
	rootObject = A00000000000000000000001 /* Project object */;
}
